
Microsoft Visual Studio Solution File, Format Version 12.00
# Visual Studio Version 17
VisualStudioVersion = 17.5.33424.131
MinimumVisualStudioVersion = 10.0.40219.1
Project("{9A19103F-16F7-4668-BE54-9A1E7A4F7556}") = "Chat.WebApi", "Chat.WebApi\Chat.WebApi.csproj", "{721A7021-3BC2-4B5A-9548-4CA521F79706}"
EndProject
Global
	GlobalSection(SolutionConfigurationPlatforms) = preSolution
		Debug|Any CPU = Debug|Any CPU
		Release|Any CPU = Release|Any CPU
	EndGlobalSection
	GlobalSection(ProjectConfigurationPlatforms) = postSolution
		{721A7021-3BC2-4B5A-9548-4CA521F79706}.Debug|Any CPU.ActiveCfg = Debug|Any CPU
		{721A7021-3BC2-4B5A-9548-4CA521F79706}.Debug|Any CPU.Build.0 = Debug|Any CPU
		{721A7021-3BC2-4B5A-9548-4CA521F79706}.Release|Any CPU.ActiveCfg = Release|Any CPU
		{721A7021-3BC2-4B5A-9548-4CA521F79706}.Release|Any CPU.Build.0 = Release|Any CPU
	EndGlobalSection
	GlobalSection(SolutionProperties) = preSolution
		HideSolutionNode = FALSE
	EndGlobalSection
	GlobalSection(ExtensibilityGlobals) = postSolution
		SolutionGuid = {AD453BD7-19D8-4189-95D1-3D6E563C82D2}
	EndGlobalSection
EndGlobal
